
Microsoft Visual Studio Solution File, Format Version 12.00
# Visual Studio Version 16
VisualStudioVersion = 16.0.32106.194
MinimumVisualStudioVersion = 10.0.40219.1
Project("{888888A0-9F3D-457C-B088-3A5042F75D52}") = "Snaek", "Snaek\Snaek.pyproj", "{BAD03902-EADA-4DFB-BB18-01861DA7CA6A}"
EndProject
Global
	GlobalSection(SolutionConfigurationPlatforms) = preSolution
		Debug|Any CPU = Debug|Any CPU
		Release|Any CPU = Release|Any CPU
	EndGlobalSection
	GlobalSection(ProjectConfigurationPlatforms) = postSolution
		{BAD03902-EADA-4DFB-BB18-01861DA7CA6A}.Debug|Any CPU.ActiveCfg = Debug|Any CPU
		{BAD03902-EADA-4DFB-BB18-01861DA7CA6A}.Release|Any CPU.ActiveCfg = Release|Any CPU
	EndGlobalSection
	GlobalSection(SolutionProperties) = preSolution
		HideSolutionNode = FALSE
	EndGlobalSection
	GlobalSection(ExtensibilityGlobals) = postSolution
		SolutionGuid = {4391037D-4AEF-4792-A594-69C0FBC3A18E}
	EndGlobalSection
EndGlobal
